// !$*UTF8*$!
{
	archiveVersion = 1;
	classes = {
	};
	objectVersion = 50;
	objects = {

/* Begin PBXBuildFile section */
		CD53838B2285E86B00562A99 /* AppDelegate.swift in Sources */ = {isa = PBXBuildFile; fileRef = CD53838A2285E86B00562A99 /* AppDelegate.swift */; };
		CD53838D2285E86B00562A99 /* ViewController.swift in Sources */ = {isa = PBXBuildFile; fileRef = CD53838C2285E86B00562A99 /* ViewController.swift */; };
		CD5383902285E86B00562A99 /* Main.storyboard in Resources */ = {isa = PBXBuildFile; fileRef = CD53838E2285E86B00562A99 /* Main.storyboard */; };
		CD5383932285E86B00562A99 /* Thanksring.xcdatamodeld in Sources */ = {isa = PBXBuildFile; fileRef = CD5383912285E86B00562A99 /* Thanksring.xcdatamodeld */; };
		CD5383952285E86F00562A99 /* Assets.xcassets in Resources */ = {isa = PBXBuildFile; fileRef = CD5383942285E86F00562A99 /* Assets.xcassets */; };
		CD5383982285E86F00562A99 /* LaunchScreen.storyboard in Resources */ = {isa = PBXBuildFile; fileRef = CD5383962285E86F00562A99 /* LaunchScreen.storyboard */; };
		CD5383A22285F2BA00562A99 /* HomeTableViewController.swift in Sources */ = {isa = PBXBuildFile; fileRef = CD5383A12285F2BA00562A99 /* HomeTableViewController.swift */; };
		CD5383A42285F39600562A99 /* WriteTableViewController.swift in Sources */ = {isa = PBXBuildFile; fileRef = CD5383A32285F39600562A99 /* WriteTableViewController.swift */; };
		CD5383A62285F3AE00562A99 /* SettingTableViewController.swift in Sources */ = {isa = PBXBuildFile; fileRef = CD5383A52285F3AE00562A99 /* SettingTableViewController.swift */; };
		CD5383A82286AABE00562A99 /* LoginViewController.swift in Sources */ = {isa = PBXBuildFile; fileRef = CD5383A72286AABE00562A99 /* LoginViewController.swift */; };
/* End PBXBuildFile section */

/* Begin PBXFileReference section */
		CD5383872285E86B00562A99 /* Thanksring.app */ = {isa = PBXFileReference; explicitFileType = wrapper.application; includeInIndex = 0; path = Thanksring.app; sourceTree = BUILT_PRODUCTS_DIR; };
		CD53838A2285E86B00562A99 /* AppDelegate.swift */ = {isa = PBXFileReference; lastKnownFileType = sourcecode.swift; path = AppDelegate.swift; sourceTree = "<group>"; };
		CD53838C2285E86B00562A99 /* ViewController.swift */ = {isa = PBXFileReference; lastKnownFileType = sourcecode.swift; path = ViewController.swift; sourceTree = "<group>"; };
		CD53838F2285E86B00562A99 /* Base */ = {isa = PBXFileReference; lastKnownFileType = file.storyboard; name = Base; path = Base.lproj/Main.storyboard; sourceTree = "<group>"; };
		CD5383922285E86B00562A99 /* Thanksring.xcdatamodel */ = {isa = PBXFileReference; lastKnownFileType = wrapper.xcdatamodel; path = Thanksring.xcdatamodel; sourceTree = "<group>"; };
		CD5383942285E86F00562A99 /* Assets.xcassets */ = {isa = PBXFileReference; lastKnownFileType = folder.assetcatalog; path = Assets.xcassets; sourceTree = "<group>"; };
		CD5383972285E86F00562A99 /* Base */ = {isa = PBXFileReference; lastKnownFileType = file.storyboard; name = Base; path = Base.lproj/LaunchScreen.storyboard; sourceTree = "<group>"; };
		CD5383992285E86F00562A99 /* Info.plist */ = {isa = PBXFileReference; lastKnownFileType = text.plist.xml; path = Info.plist; sourceTree = "<group>"; };
		CD5383A12285F2BA00562A99 /* HomeTableViewController.swift */ = {isa = PBXFileReference; lastKnownFileType = sourcecode.swift; path = HomeTableViewController.swift; sourceTree = "<group>"; };
		CD5383A32285F39600562A99 /* WriteTableViewController.swift */ = {isa = PBXFileReference; lastKnownFileType = sourcecode.swift; path = WriteTableViewController.swift; sourceTree = "<group>"; };
		CD5383A52285F3AE00562A99 /* SettingTableViewController.swift */ = {isa = PBXFileReference; lastKnownFileType = sourcecode.swift; path = SettingTableViewController.swift; sourceTree = "<group>"; };
		CD5383A72286AABE00562A99 /* LoginViewController.swift */ = {isa = PBXFileReference; lastKnownFileType = sourcecode.swift; path = LoginViewController.swift; sourceTree = "<group>"; };
/* End PBXFileReference section */

/* Begin PBXFrameworksBuildPhase section */
		CD5383842285E86B00562A99 /* Frameworks */ = {
			isa = PBXFrameworksBuildPhase;
			buildActionMask = 2147483647;
			files = (
			);
			runOnlyForDeploymentPostprocessing = 0;
		};
/* End PBXFrameworksBuildPhase section */

/* Begin PBXGroup section */
		CD53837E2285E86B00562A99 = {
			isa = PBXGroup;
			children = (
				CD5383892285E86B00562A99 /* Thanksring */,
				CD5383882285E86B00562A99 /* Products */,
			);
			sourceTree = "<group>";
		};
		CD5383882285E86B00562A99 /* Products */ = {
			isa = PBXGroup;
			children = (
				CD5383872285E86B00562A99 /* Thanksring.app */,
			);
			name = Products;
			sourceTree = "<group>";
		};
		CD5383892285E86B00562A99 /* Thanksring */ = {
			isa = PBXGroup;
			children = (
				CD53838A2285E86B00562A99 /* AppDelegate.swift */,
				CD53838C2285E86B00562A99 /* ViewController.swift */,
				CD5383A72286AABE00562A99 /* LoginViewController.swift */,
				CD5383A12285F2BA00562A99 /* HomeTableViewController.swift */,
				CD5383A32285F39600562A99 /* WriteTableViewController.swift */,
				CD5383A52285F3AE00562A99 /* SettingTableViewController.swift */,
				CD53838E2285E86B00562A99 /* Main.storyboard */,
				CD5383942285E86F00562A99 /* Assets.xcassets */,
				CD5383962285E86F00562A99 /* LaunchScreen.storyboard */,
				CD5383992285E86F00562A99 /* Info.plist */,
				CD5383912285E86B00562A99 /* Thanksring.xcdatamodeld */,
			);
			path = Thanksring;
			sourceTree = "<group>";
		};
/* End PBXGroup section */

/* Begin PBXNativeTarget section */
		CD5383862285E86B00562A99 /* Thanksring */ = {
			isa = PBXNativeTarget;
			buildConfigurationList = CD53839C2285E86F00562A99 /* Build configuration list for PBXNativeTarget "Thanksring" */;
			buildPhases = (
				CD5383832285E86B00562A99 /* Sources */,
				CD5383842285E86B00562A99 /* Frameworks */,
				CD5383852285E86B00562A99 /* Resources */,
			);
			buildRules = (
			);
			dependencies = (
			);
			name = Thanksring;
			productName = Thanksring;
			productReference = CD5383872285E86B00562A99 /* Thanksring.app */;
			productType = "com.apple.product-type.application";
		};
/* End PBXNativeTarget section */

/* Begin PBXProject section */
		CD53837F2285E86B00562A99 /* Project object */ = {
			isa = PBXProject;
			attributes = {
				LastSwiftUpdateCheck = 1010;
				LastUpgradeCheck = 1010;
				ORGANIZATIONNAME = SWUCOMPUTER;
				TargetAttributes = {
					CD5383862285E86B00562A99 = {
						CreatedOnToolsVersion = 10.1;
					};
				};
			};
			buildConfigurationList = CD5383822285E86B00562A99 /* Build configuration list for PBXProject "Thanksring" */;
			compatibilityVersion = "Xcode 9.3";
			developmentRegion = en;
			hasScannedForEncodings = 0;
			knownRegions = (
				en,
				Base,
			);
			mainGroup = CD53837E2285E86B00562A99;
			productRefGroup = CD5383882285E86B00562A99 /* Products */;
			projectDirPath = "";
			projectRoot = "";
			targets = (
				CD5383862285E86B00562A99 /* Thanksring */,
			);
		};
/* End PBXProject section */

/* Begin PBXResourcesBuildPhase section */
		CD5383852285E86B00562A99 /* Resources */ = {
			isa = PBXResourcesBuildPhase;
			buildActionMask = 2147483647;
			files = (
				CD5383982285E86F00562A99 /* LaunchScreen.storyboard in Resources */,
				CD5383952285E86F00562A99 /* Assets.xcassets in Resources */,
				CD5383902285E86B00562A99 /* Main.storyboard in Resources */,
			);
			runOnlyForDeploymentPostprocessing = 0;
		};
/* End PBXResourcesBuildPhase section */

/* Begin PBXSourcesBuildPhase section */
		CD5383832285E86B00562A99 /* Sources */ = {
			isa = PBXSourcesBuildPhase;
			buildActionMask = 2147483647;
			files = (
				CD5383A82286AABE00562A99 /* LoginViewController.swift in Sources */,
				CD5383A62285F3AE00562A99 /* SettingTableViewController.swift in Sources */,
				CD5383A22285F2BA00562A99 /* HomeTableViewController.swift in Sources */,
				CD53838D2285E86B00562A99 /* ViewController.swift in Sources */,
				CD53838B2285E86B00562A99 /* AppDelegate.swift in Sources */,
				CD5383932285E86B00562A99 /* Thanksring.xcdatamodeld in Sources */,
				CD5383A42285F39600562A99 /* WriteTableViewController.swift in Sources */,
			);
			runOnlyForDeploymentPostprocessing = 0;
		};
/* End PBXSourcesBuildPhase section */

/* Begin PBXVariantGroup section */
		CD53838E2285E86B00562A99 /* Main.storyboard */ = {
			isa = PBXVariantGroup;
			children = (
				CD53838F2285E86B00562A99 /* Base */,
			);
			name = Main.storyboard;
			sourceTree = "<group>";
		};
		CD5383962285E86F00562A99 /* LaunchScreen.storyboard */ = {
			isa = PBXVariantGroup;
			children = (
				CD5383972285E86F00562A99 /* Base */,
			);
			name = LaunchScreen.storyboard;
			sourceTree = "<group>";
		};
/* End PBXVariantGroup section */

/* Begin XCBuildConfiguration section */
		CD53839A2285E86F00562A99 /* Debug */ = {
			isa = XCBuildConfiguration;
			buildSettings = {
				ALWAYS_SEARCH_USER_PATHS = NO;
				CLANG_ANALYZER_NONNULL = YES;
				CLANG_ANALYZER_NUMBER_OBJECT_CONVERSION = YES_AGGRESSIVE;
				CLANG_CXX_LANGUAGE_STANDARD = "gnu++14";
				CLANG_CXX_LIBRARY = "libc++";
				CLANG_ENABLE_MODULES = YES;
				CLANG_ENABLE_OBJC_ARC = YES;
				CLANG_ENABLE_OBJC_WEAK = YES;
				CLANG_WARN_BLOCK_CAPTURE_AUTORELEASING = YES;
				CLANG_WARN_BOOL_CONVERSION = YES;
				CLANG_WARN_COMMA = YES;
				CLANG_WARN_CONSTANT_CONVERSION = YES;
				CLANG_WARN_DEPRECATED_OBJC_IMPLEMENTATIONS = YES;
				CLANG_WARN_DIRECT_OBJC_ISA_USAGE = YES_ERROR;
				CLANG_WARN_DOCUMENTATION_COMMENTS = YES;
				CLANG_WARN_EMPTY_BODY = YES;
				CLANG_WARN_ENUM_CONVERSION = YES;
				CLANG_WARN_INFINITE_RECURSION = YES;
				CLANG_WARN_INT_CONVERSION = YES;
				CLANG_WARN_NON_LITERAL_NULL_CONVERSION = YES;
				CLANG_WARN_OBJC_IMPLICIT_RETAIN_SELF = YES;
				CLANG_WARN_OBJC_LITERAL_CONVERSION = YES;
				CLANG_WARN_OBJC_ROOT_CLASS = YES_ERROR;
				CLANG_WARN_RANGE_LOOP_ANALYSIS = YES;
				CLANG_WARN_STRICT_PROTOTYPES = YES;
				CLANG_WARN_SUSPICIOUS_MOVE = YES;
				CLANG_WARN_UNGUARDED_AVAILABILITY = YES_AGGRESSIVE;
				CLANG_WARN_UNREACHABLE_CODE = YES;
				CLANG_WARN__DUPLICATE_METHOD_MATCH = YES;
				CODE_SIGN_IDENTITY = "iPhone Developer";
				COPY_PHASE_STRIP = NO;
				DEBUG_INFORMATION_FORMAT = dwarf;
				ENABLE_STRICT_OBJC_MSGSEND = YES;
				ENABLE_TESTABILITY = YES;
				GCC_C_LANGUAGE_STANDARD = gnu11;
				GCC_DYNAMIC_NO_PIC = NO;
				GCC_NO_COMMON_BLOCKS = YES;
				GCC_OPTIMIZATION_LEVEL = 0;
				GCC_PREPROCESSOR_DEFINITIONS = (
					"DEBUG=1",
					"$(inherited)",
				);
				GCC_WARN_64_TO_32_BIT_CONVERSION = YES;
				GCC_WARN_ABOUT_RETURN_TYPE = YES_ERROR;
				GCC_WARN_UNDECLARED_SELECTOR = YES;
				GCC_WARN_UNINITIALIZED_AUTOS = YES_AGGRESSIVE;
				GCC_WARN_UNUSED_FUNCTION = YES;
				GCC_WARN_UNUSED_VARIABLE = YES;
				IPHONEOS_DEPLOYMENT_TARGET = 12.1;
				MTL_ENABLE_DEBUG_INFO = INCLUDE_SOURCE;
				MTL_FAST_MATH = YES;
				ONLY_ACTIVE_ARCH = YES;
				SDKROOT = iphoneos;
				SWIFT_ACTIVE_COMPILATION_CONDITIONS = DEBUG;
				SWIFT_OPTIMIZATION_LEVEL = "-Onone";
			};
			name = Debug;
		};
		CD53839B2285E86F00562A99 /* Release */ = {
			isa = XCBuildConfiguration;
			buildSettings = {
				ALWAYS_SEARCH_USER_PATHS = NO;
				CLANG_ANALYZER_NONNULL = YES;
				CLANG_ANALYZER_NUMBER_OBJECT_CONVERSION = YES_AGGRESSIVE;
				CLANG_CXX_LANGUAGE_STANDARD = "gnu++14";
				CLANG_CXX_LIBRARY = "libc++";
				CLANG_ENABLE_MODULES = YES;
				CLANG_ENABLE_OBJC_ARC = YES;
				CLANG_ENABLE_OBJC_WEAK = YES;
				CLANG_WARN_BLOCK_CAPTURE_AUTORELEASING = YES;
				CLANG_WARN_BOOL_CONVERSION = YES;
				CLANG_WARN_COMMA = YES;
				CLANG_WARN_CONSTANT_CONVERSION = YES;
				CLANG_WARN_DEPRECATED_OBJC_IMPLEMENTATIONS = YES;
				CLANG_WARN_DIRECT_OBJC_ISA_USAGE = YES_ERROR;
				CLANG_WARN_DOCUMENTATION_COMMENTS = YES;
				CLANG_WARN_EMPTY_BODY = YES;
				CLANG_WARN_ENUM_CONVERSION = YES;
				CLANG_WARN_INFINITE_RECURSION = YES;
				CLANG_WARN_INT_CONVERSION = YES;
				CLANG_WARN_NON_LITERAL_NULL_CONVERSION = YES;
				CLANG_WARN_OBJC_IMPLICIT_RETAIN_SELF = YES;
				CLANG_WARN_OBJC_LITERAL_CONVERSION = YES;
				CLANG_WARN_OBJC_ROOT_CLASS = YES_ERROR;
				CLANG_WARN_RANGE_LOOP_ANALYSIS = YES;
				CLANG_WARN_STRICT_PROTOTYPES = YES;
				CLANG_WARN_SUSPICIOUS_MOVE = YES;
				CLANG_WARN_UNGUARDED_AVAILABILITY = YES_AGGRESSIVE;
				CLANG_WARN_UNREACHABLE_CODE = YES;
				CLANG_WARN__DUPLICATE_METHOD_MATCH = YES;
				CODE_SIGN_IDENTITY = "iPhone Developer";
				COPY_PHASE_STRIP = NO;
				DEBUG_INFORMATION_FORMAT = "dwarf-with-dsym";
				ENABLE_NS_ASSERTIONS = NO;
				ENABLE_STRICT_OBJC_MSGSEND = YES;
				GCC_C_LANGUAGE_STANDARD = gnu11;
				GCC_NO_COMMON_BLOCKS = YES;
				GCC_WARN_64_TO_32_BIT_CONVERSION = YES;
				GCC_WARN_ABOUT_RETURN_TYPE = YES_ERROR;
				GCC_WARN_UNDECLARED_SELECTOR = YES;
				GCC_WARN_UNINITIALIZED_AUTOS = YES_AGGRESSIVE;
				GCC_WARN_UNUSED_FUNCTION = YES;
				GCC_WARN_UNUSED_VARIABLE = YES;
				IPHONEOS_DEPLOYMENT_TARGET = 12.1;
				MTL_ENABLE_DEBUG_INFO = NO;
				MTL_FAST_MATH = YES;
				SDKROOT = iphoneos;
				SWIFT_COMPILATION_MODE = wholemodule;
				SWIFT_OPTIMIZATION_LEVEL = "-O";
				VALIDATE_PRODUCT = YES;
			};
			name = Release;
		};
		CD53839D2285E86F00562A99 /* Debug */ = {
			isa = XCBuildConfiguration;
			buildSettings = {
				ASSETCATALOG_COMPILER_APPICON_NAME = AppIcon;
				CODE_SIGN_STYLE = Automatic;
				INFOPLIST_FILE = Thanksring/Info.plist;
				LD_RUNPATH_SEARCH_PATHS = (
					"$(inherited)",
					"@executable_path/Frameworks",
				);
				PRODUCT_BUNDLE_IDENTIFIER = swu.ac.kr.Thanksring;
				PRODUCT_NAME = "$(TARGET_NAME)";
				SWIFT_VERSION = 4.2;
				TARGETED_DEVICE_FAMILY = "1,2";
			};
			name = Debug;
		};
		CD53839E2285E86F00562A99 /* Release */ = {
			isa = XCBuildConfiguration;
			buildSettings = {
				ASSETCATALOG_COMPILER_APPICON_NAME = AppIcon;
				CODE_SIGN_STYLE = Automatic;
				INFOPLIST_FILE = Thanksring/Info.plist;
				LD_RUNPATH_SEARCH_PATHS = (
					"$(inherited)",
					"@executable_path/Frameworks",
				);
				PRODUCT_BUNDLE_IDENTIFIER = swu.ac.kr.Thanksring;
				PRODUCT_NAME = "$(TARGET_NAME)";
				SWIFT_VERSION = 4.2;
				TARGETED_DEVICE_FAMILY = "1,2";
			};
			name = Release;
		};
/* End XCBuildConfiguration section */

/* Begin XCConfigurationList section */
		CD5383822285E86B00562A99 /* Build configuration list for PBXProject "Thanksring" */ = {
			isa = XCConfigurationList;
			buildConfigurations = (
				CD53839A2285E86F00562A99 /* Debug */,
				CD53839B2285E86F00562A99 /* Release */,
			);
			defaultConfigurationIsVisible = 0;
			defaultConfigurationName = Release;
		};
		CD53839C2285E86F00562A99 /* Build configuration list for PBXNativeTarget "Thanksring" */ = {
			isa = XCConfigurationList;
			buildConfigurations = (
				CD53839D2285E86F00562A99 /* Debug */,
				CD53839E2285E86F00562A99 /* Release */,
			);
			defaultConfigurationIsVisible = 0;
			defaultConfigurationName = Release;
		};
/* End XCConfigurationList section */

/* Begin XCVersionGroup section */
		CD5383912285E86B00562A99 /* Thanksring.xcdatamodeld */ = {
			isa = XCVersionGroup;
			children = (
				CD5383922285E86B00562A99 /* Thanksring.xcdatamodel */,
			);
			currentVersion = CD5383922285E86B00562A99 /* Thanksring.xcdatamodel */;
			path = Thanksring.xcdatamodeld;
			sourceTree = "<group>";
			versionGroupType = wrapper.xcdatamodel;
		};
/* End XCVersionGroup section */
	};
	rootObject = CD53837F2285E86B00562A99 /* Project object */;
}
